
Microsoft Visual Studio Solution File, Format Version 12.00
# Visual Studio Version 17
VisualStudioVersion = 17.0.31903.59
MinimumVisualStudioVersion = 10.0.40219.1
Project("{2150E333-8FDC-42A3-9474-1A3956D46DE8}") = "modules", "modules", "{CA253913-39DE-BFD0-C9A3-4B7EC6FBDF17}"
EndProject
Project("{2150E333-8FDC-42A3-9474-1A3956D46DE8}") = "server-gameplay", "server-gameplay", "{6CE496AC-6C62-D871-914F-E5A4025DFFD4}"
EndProject
Project("{2150E333-8FDC-42A3-9474-1A3956D46DE8}") = "src", "src", "{2F98492B-FAE8-A5DA-0D8E-134BC08303E9}"
EndProject
Project("{FAE04EC0-301F-11D3-BF4B-00C04F79EFBC}") = "Lumio.Game.ServerGameplay", "modules\server-gameplay\src\Lumio.Game.ServerGameplay\Lumio.Game.ServerGameplay.csproj", "{DE43C8C2-0DF9-4567-BD8B-742278E3FE92}"
EndProject
Project("{2150E333-8FDC-42A3-9474-1A3956D46DE8}") = "tests", "tests", "{8D51BA7D-2D54-1569-6F13-344929D2617D}"
EndProject
Project("{FAE04EC0-301F-11D3-BF4B-00C04F79EFBC}") = "Lumio.Game.ServerGameplay.Tests", "modules\server-gameplay\tests\Lumio.Game.ServerGameplay.Tests\Lumio.Game.ServerGameplay.Tests.csproj", "{4EE77FD5-7A45-4123-93F5-0722952BF9B8}"
EndProject
Project("{FAE04EC0-301F-11D3-BF4B-00C04F79EFBC}") = "Lumio.Game.EntityChat.Protocol", "modules\server-gameplay\src\Lumio.Game.EntityChat.Protocol\Lumio.Game.EntityChat.Protocol.csproj", "{7F3C9A21-4B8E-4D11-9C2A-1E6B0F4A8D33}"
EndProject
Project("{FAE04EC0-301F-11D3-BF4B-00C04F79EFBC}") = "Lumio.Game.EntityChat.Suite", "modules\server-gameplay\src\Lumio.Game.EntityChat.Suite\Lumio.Game.EntityChat.Suite.csproj", "{2E8D4C90-1A57-4F3B-B6C1-9D0E5A7F2B44}"
EndProject
Project("{2150E333-8FDC-42A3-9474-1A3956D46DE8}") = "config", "config", "{3FEF03D2-EF19-28ED-6CBE-D1B57592713B}"
EndProject
Project("{2150E333-8FDC-42A3-9474-1A3956D46DE8}") = "src", "src", "{56071BFA-EF76-FDC4-233D-F7318D862868}"
EndProject
Project("{FAE04EC0-301F-11D3-BF4B-00C04F79EFBC}") = "Lumio.Game.Config", "modules\config\src\Lumio.Game.Config\Lumio.Game.Config.csproj", "{1FD8AA20-71DF-417C-9DC5-4DC56DBAF063}"
EndProject
Project("{2150E333-8FDC-42A3-9474-1A3956D46DE8}") = "scenario", "scenario", "{B9E3A50E-4E16-79D5-A67C-C4A328FE8422}"
EndProject
Project("{2150E333-8FDC-42A3-9474-1A3956D46DE8}") = "src", "src", "{764C7B25-420B-86F1-F105-06B9BA537B28}"
EndProject
Project("{FAE04EC0-301F-11D3-BF4B-00C04F79EFBC}") = "Lumio.Game.Scenario", "modules\scenario\src\Lumio.Game.Scenario\Lumio.Game.Scenario.csproj", "{6FD22DDE-9C96-4B56-9C0F-A05937248497}"
EndProject
Global
	GlobalSection(SolutionConfigurationPlatforms) = preSolution
		Debug|Any CPU = Debug|Any CPU
		Debug|x64 = Debug|x64
		Debug|x86 = Debug|x86
		Release|Any CPU = Release|Any CPU
		Release|x64 = Release|x64
		Release|x86 = Release|x86
	EndGlobalSection
	GlobalSection(ProjectConfigurationPlatforms) = postSolution
		{DE43C8C2-0DF9-4567-BD8B-742278E3FE92}.Debug|Any CPU.ActiveCfg = Debug|Any CPU
		{DE43C8C2-0DF9-4567-BD8B-742278E3FE92}.Debug|Any CPU.Build.0 = Debug|Any CPU
		{DE43C8C2-0DF9-4567-BD8B-742278E3FE92}.Debug|x64.ActiveCfg = Debug|Any CPU
		{DE43C8C2-0DF9-4567-BD8B-742278E3FE92}.Debug|x64.Build.0 = Debug|Any CPU
		{DE43C8C2-0DF9-4567-BD8B-742278E3FE92}.Debug|x86.ActiveCfg = Debug|Any CPU
		{DE43C8C2-0DF9-4567-BD8B-742278E3FE92}.Debug|x86.Build.0 = Debug|Any CPU
		{DE43C8C2-0DF9-4567-BD8B-742278E3FE92}.Release|Any CPU.ActiveCfg = Release|Any CPU
		{DE43C8C2-0DF9-4567-BD8B-742278E3FE92}.Release|Any CPU.Build.0 = Release|Any CPU
		{DE43C8C2-0DF9-4567-BD8B-742278E3FE92}.Release|x64.ActiveCfg = Release|Any CPU
		{DE43C8C2-0DF9-4567-BD8B-742278E3FE92}.Release|x64.Build.0 = Release|Any CPU
		{DE43C8C2-0DF9-4567-BD8B-742278E3FE92}.Release|x86.ActiveCfg = Release|Any CPU
		{DE43C8C2-0DF9-4567-BD8B-742278E3FE92}.Release|x86.Build.0 = Release|Any CPU
		{4EE77FD5-7A45-4123-93F5-0722952BF9B8}.Debug|Any CPU.ActiveCfg = Debug|Any CPU
		{4EE77FD5-7A45-4123-93F5-0722952BF9B8}.Debug|Any CPU.Build.0 = Debug|Any CPU
		{4EE77FD5-7A45-4123-93F5-0722952BF9B8}.Debug|x64.ActiveCfg = Debug|Any CPU
		{4EE77FD5-7A45-4123-93F5-0722952BF9B8}.Debug|x64.Build.0 = Debug|Any CPU
		{4EE77FD5-7A45-4123-93F5-0722952BF9B8}.Debug|x86.ActiveCfg = Debug|Any CPU
		{4EE77FD5-7A45-4123-93F5-0722952BF9B8}.Debug|x86.Build.0 = Debug|Any CPU
		{4EE77FD5-7A45-4123-93F5-0722952BF9B8}.Release|Any CPU.ActiveCfg = Release|Any CPU
		{4EE77FD5-7A45-4123-93F5-0722952BF9B8}.Release|Any CPU.Build.0 = Release|Any CPU
		{4EE77FD5-7A45-4123-93F5-0722952BF9B8}.Release|x64.ActiveCfg = Release|Any CPU
		{4EE77FD5-7A45-4123-93F5-0722952BF9B8}.Release|x64.Build.0 = Release|Any CPU
		{4EE77FD5-7A45-4123-93F5-0722952BF9B8}.Release|x86.ActiveCfg = Release|Any CPU
		{4EE77FD5-7A45-4123-93F5-0722952BF9B8}.Release|x86.Build.0 = Release|Any CPU
		{7F3C9A21-4B8E-4D11-9C2A-1E6B0F4A8D33}.Debug|Any CPU.ActiveCfg = Debug|Any CPU
		{7F3C9A21-4B8E-4D11-9C2A-1E6B0F4A8D33}.Debug|Any CPU.Build.0 = Debug|Any CPU
		{7F3C9A21-4B8E-4D11-9C2A-1E6B0F4A8D33}.Debug|x64.ActiveCfg = Debug|Any CPU
		{7F3C9A21-4B8E-4D11-9C2A-1E6B0F4A8D33}.Debug|x64.Build.0 = Debug|Any CPU
		{7F3C9A21-4B8E-4D11-9C2A-1E6B0F4A8D33}.Debug|x86.ActiveCfg = Debug|Any CPU
		{7F3C9A21-4B8E-4D11-9C2A-1E6B0F4A8D33}.Debug|x86.Build.0 = Debug|Any CPU
		{7F3C9A21-4B8E-4D11-9C2A-1E6B0F4A8D33}.Release|Any CPU.ActiveCfg = Release|Any CPU
		{7F3C9A21-4B8E-4D11-9C2A-1E6B0F4A8D33}.Release|Any CPU.Build.0 = Release|Any CPU
		{7F3C9A21-4B8E-4D11-9C2A-1E6B0F4A8D33}.Release|x64.ActiveCfg = Release|Any CPU
		{7F3C9A21-4B8E-4D11-9C2A-1E6B0F4A8D33}.Release|x64.Build.0 = Release|Any CPU
		{7F3C9A21-4B8E-4D11-9C2A-1E6B0F4A8D33}.Release|x86.ActiveCfg = Release|Any CPU
		{7F3C9A21-4B8E-4D11-9C2A-1E6B0F4A8D33}.Release|x86.Build.0 = Release|Any CPU
		{2E8D4C90-1A57-4F3B-B6C1-9D0E5A7F2B44}.Debug|Any CPU.ActiveCfg = Debug|Any CPU
		{2E8D4C90-1A57-4F3B-B6C1-9D0E5A7F2B44}.Debug|Any CPU.Build.0 = Debug|Any CPU
		{2E8D4C90-1A57-4F3B-B6C1-9D0E5A7F2B44}.Debug|x64.ActiveCfg = Debug|Any CPU
		{2E8D4C90-1A57-4F3B-B6C1-9D0E5A7F2B44}.Debug|x64.Build.0 = Debug|Any CPU
		{2E8D4C90-1A57-4F3B-B6C1-9D0E5A7F2B44}.Debug|x86.ActiveCfg = Debug|Any CPU
		{2E8D4C90-1A57-4F3B-B6C1-9D0E5A7F2B44}.Debug|x86.Build.0 = Debug|Any CPU
		{2E8D4C90-1A57-4F3B-B6C1-9D0E5A7F2B44}.Release|Any CPU.ActiveCfg = Release|Any CPU
		{2E8D4C90-1A57-4F3B-B6C1-9D0E5A7F2B44}.Release|Any CPU.Build.0 = Release|Any CPU
		{2E8D4C90-1A57-4F3B-B6C1-9D0E5A7F2B44}.Release|x64.ActiveCfg = Release|Any CPU
		{2E8D4C90-1A57-4F3B-B6C1-9D0E5A7F2B44}.Release|x64.Build.0 = Release|Any CPU
		{2E8D4C90-1A57-4F3B-B6C1-9D0E5A7F2B44}.Release|x86.ActiveCfg = Release|Any CPU
		{2E8D4C90-1A57-4F3B-B6C1-9D0E5A7F2B44}.Release|x86.Build.0 = Release|Any CPU
		{1FD8AA20-71DF-417C-9DC5-4DC56DBAF063}.Debug|Any CPU.ActiveCfg = Debug|Any CPU
		{1FD8AA20-71DF-417C-9DC5-4DC56DBAF063}.Debug|Any CPU.Build.0 = Debug|Any CPU
		{1FD8AA20-71DF-417C-9DC5-4DC56DBAF063}.Debug|x64.ActiveCfg = Debug|Any CPU
		{1FD8AA20-71DF-417C-9DC5-4DC56DBAF063}.Debug|x64.Build.0 = Debug|Any CPU
		{1FD8AA20-71DF-417C-9DC5-4DC56DBAF063}.Debug|x86.ActiveCfg = Debug|Any CPU
		{1FD8AA20-71DF-417C-9DC5-4DC56DBAF063}.Debug|x86.Build.0 = Debug|Any CPU
		{1FD8AA20-71DF-417C-9DC5-4DC56DBAF063}.Release|Any CPU.ActiveCfg = Release|Any CPU
		{1FD8AA20-71DF-417C-9DC5-4DC56DBAF063}.Release|Any CPU.Build.0 = Release|Any CPU
		{1FD8AA20-71DF-417C-9DC5-4DC56DBAF063}.Release|x64.ActiveCfg = Release|Any CPU
		{1FD8AA20-71DF-417C-9DC5-4DC56DBAF063}.Release|x64.Build.0 = Release|Any CPU
		{1FD8AA20-71DF-417C-9DC5-4DC56DBAF063}.Release|x86.ActiveCfg = Release|Any CPU
		{1FD8AA20-71DF-417C-9DC5-4DC56DBAF063}.Release|x86.Build.0 = Release|Any CPU
		{6FD22DDE-9C96-4B56-9C0F-A05937248497}.Debug|Any CPU.ActiveCfg = Debug|Any CPU
		{6FD22DDE-9C96-4B56-9C0F-A05937248497}.Debug|Any CPU.Build.0 = Debug|Any CPU
		{6FD22DDE-9C96-4B56-9C0F-A05937248497}.Debug|x64.ActiveCfg = Debug|Any CPU
		{6FD22DDE-9C96-4B56-9C0F-A05937248497}.Debug|x64.Build.0 = Debug|Any CPU
		{6FD22DDE-9C96-4B56-9C0F-A05937248497}.Debug|x86.ActiveCfg = Debug|Any CPU
		{6FD22DDE-9C96-4B56-9C0F-A05937248497}.Debug|x86.Build.0 = Debug|Any CPU
		{6FD22DDE-9C96-4B56-9C0F-A05937248497}.Release|Any CPU.ActiveCfg = Release|Any CPU
		{6FD22DDE-9C96-4B56-9C0F-A05937248497}.Release|Any CPU.Build.0 = Release|Any CPU
		{6FD22DDE-9C96-4B56-9C0F-A05937248497}.Release|x64.ActiveCfg = Release|Any CPU
		{6FD22DDE-9C96-4B56-9C0F-A05937248497}.Release|x64.Build.0 = Release|Any CPU
		{6FD22DDE-9C96-4B56-9C0F-A05937248497}.Release|x86.ActiveCfg = Release|Any CPU
		{6FD22DDE-9C96-4B56-9C0F-A05937248497}.Release|x86.Build.0 = Release|Any CPU
	EndGlobalSection
	GlobalSection(SolutionProperties) = preSolution
		HideSolutionNode = FALSE
	EndGlobalSection
	GlobalSection(NestedProjects) = preSolution
		{6CE496AC-6C62-D871-914F-E5A4025DFFD4} = {CA253913-39DE-BFD0-C9A3-4B7EC6FBDF17}
		{2F98492B-FAE8-A5DA-0D8E-134BC08303E9} = {6CE496AC-6C62-D871-914F-E5A4025DFFD4}
		{DE43C8C2-0DF9-4567-BD8B-742278E3FE92} = {2F98492B-FAE8-A5DA-0D8E-134BC08303E9}
		{8D51BA7D-2D54-1569-6F13-344929D2617D} = {6CE496AC-6C62-D871-914F-E5A4025DFFD4}
		{4EE77FD5-7A45-4123-93F5-0722952BF9B8} = {8D51BA7D-2D54-1569-6F13-344929D2617D}
		{7F3C9A21-4B8E-4D11-9C2A-1E6B0F4A8D33} = {2F98492B-FAE8-A5DA-0D8E-134BC08303E9}
		{2E8D4C90-1A57-4F3B-B6C1-9D0E5A7F2B44} = {2F98492B-FAE8-A5DA-0D8E-134BC08303E9}
		{3FEF03D2-EF19-28ED-6CBE-D1B57592713B} = {CA253913-39DE-BFD0-C9A3-4B7EC6FBDF17}
		{56071BFA-EF76-FDC4-233D-F7318D862868} = {3FEF03D2-EF19-28ED-6CBE-D1B57592713B}
		{1FD8AA20-71DF-417C-9DC5-4DC56DBAF063} = {56071BFA-EF76-FDC4-233D-F7318D862868}
		{B9E3A50E-4E16-79D5-A67C-C4A328FE8422} = {CA253913-39DE-BFD0-C9A3-4B7EC6FBDF17}
		{764C7B25-420B-86F1-F105-06B9BA537B28} = {B9E3A50E-4E16-79D5-A67C-C4A328FE8422}
		{6FD22DDE-9C96-4B56-9C0F-A05937248497} = {764C7B25-420B-86F1-F105-06B9BA537B28}
	EndGlobalSection
EndGlobal
